
Microsoft Visual Studio Solution File, Format Version 12.00
# Visual Studio Version 17
VisualStudioVersion = 17.7.34031.279
MinimumVisualStudioVersion = 10.0.40219.1
Project("{FAE04EC0-301F-11D3-BF4B-00C04F79EFBC}") = "cadastro", "cadastro\cadastro.csproj", "{D133970D-2046-49FA-B59D-E33C5D96E029}"
EndProject
Global
	GlobalSection(SolutionConfigurationPlatforms) = preSolution
		Debug|Any CPU = Debug|Any CPU
		Release|Any CPU = Release|Any CPU
	EndGlobalSection
	GlobalSection(ProjectConfigurationPlatforms) = postSolution
		{D133970D-2046-49FA-B59D-E33C5D96E029}.Debug|Any CPU.ActiveCfg = Debug|Any CPU
		{D133970D-2046-49FA-B59D-E33C5D96E029}.Debug|Any CPU.Build.0 = Debug|Any CPU
		{D133970D-2046-49FA-B59D-E33C5D96E029}.Release|Any CPU.ActiveCfg = Release|Any CPU
		{D133970D-2046-49FA-B59D-E33C5D96E029}.Release|Any CPU.Build.0 = Release|Any CPU
	EndGlobalSection
	GlobalSection(SolutionProperties) = preSolution
		HideSolutionNode = FALSE
	EndGlobalSection
	GlobalSection(ExtensibilityGlobals) = postSolution
		SolutionGuid = {48565B99-2B14-4DC8-9774-F09332E92C53}
	EndGlobalSection
EndGlobal
